
Microsoft Visual Studio Solution File, Format Version 12.00
# Visual Studio Version 16
VisualStudioVersion = 16.0.31019.35
MinimumVisualStudioVersion = 10.0.40219.1
Project("{FAE04EC0-301F-11D3-BF4B-00C04F79EFBC}") = "Shopping.Web", "Shopping.Web\Shopping.Web.csproj", "{6236062B-8367-4F77-92F4-AE8EE76082DA}"
EndProject
Global
	GlobalSection(SolutionConfigurationPlatforms) = preSolution
		Debug|Any CPU = Debug|Any CPU
		Release|Any CPU = Release|Any CPU
	EndGlobalSection
	GlobalSection(ProjectConfigurationPlatforms) = postSolution
		{6236062B-8367-4F77-92F4-AE8EE76082DA}.Debug|Any CPU.ActiveCfg = Debug|Any CPU
		{6236062B-8367-4F77-92F4-AE8EE76082DA}.Debug|Any CPU.Build.0 = Debug|Any CPU
		{6236062B-8367-4F77-92F4-AE8EE76082DA}.Release|Any CPU.ActiveCfg = Release|Any CPU
		{6236062B-8367-4F77-92F4-AE8EE76082DA}.Release|Any CPU.Build.0 = Release|Any CPU
	EndGlobalSection
	GlobalSection(SolutionProperties) = preSolution
		HideSolutionNode = FALSE
	EndGlobalSection
	GlobalSection(ExtensibilityGlobals) = postSolution
		SolutionGuid = {3E039DBA-546D-4B49-BC6B-3B9BB6D17F8F}
	EndGlobalSection
EndGlobal
